Microsoft Visual Studio Solution File, Format Version 12.00
# Visual Studio 2012
Project("{FAE04EC0-301F-11D3-BF4B-00C04F79EFBC}") = "GodotTurorial", "GodotTurorial.csproj", "{5BCF0016-98E2-49E9-A7AC-8B59363BD49B}"
EndProject
Global
	GlobalSection(SolutionConfigurationPlatforms) = preSolution
	Debug|Any CPU = Debug|Any CPU
	ExportDebug|Any CPU = ExportDebug|Any CPU
	ExportRelease|Any CPU = ExportRelease|Any CPU
	EndGlobalSection
	GlobalSection(ProjectConfigurationPlatforms) = postSolution
		{5BCF0016-98E2-49E9-A7AC-8B59363BD49B}.Debug|Any CPU.ActiveCfg = Debug|Any CPU
		{5BCF0016-98E2-49E9-A7AC-8B59363BD49B}.Debug|Any CPU.Build.0 = Debug|Any CPU
		{5BCF0016-98E2-49E9-A7AC-8B59363BD49B}.ExportDebug|Any CPU.ActiveCfg = ExportDebug|Any CPU
		{5BCF0016-98E2-49E9-A7AC-8B59363BD49B}.ExportDebug|Any CPU.Build.0 = ExportDebug|Any CPU
		{5BCF0016-98E2-49E9-A7AC-8B59363BD49B}.ExportRelease|Any CPU.ActiveCfg = ExportRelease|Any CPU
		{5BCF0016-98E2-49E9-A7AC-8B59363BD49B}.ExportRelease|Any CPU.Build.0 = ExportRelease|Any CPU
	EndGlobalSection
EndGlobal
